
Microsoft Visual Studio Solution File, Format Version 12.00
# Visual Studio Version 17
VisualStudioVersion = 17.7.34031.279
MinimumVisualStudioVersion = 10.0.40219.1
Project("{8BC9CEB8-8B4A-11D0-8D11-00A0C91BC942}") = "c_plus_plus_DesignPattern", "c_plus_plus_DesignPattern\c_plus_plus_DesignPattern.vcxproj", "{EC2990C9-4905-4409-B4B7-293E1889E0DC}"
EndProject
Global
	GlobalSection(SolutionConfigurationPlatforms) = preSolution
		Debug|x64 = Debug|x64
		Debug|x86 = Debug|x86
		Release|x64 = Release|x64
		Release|x86 = Release|x86
	EndGlobalSection
	GlobalSection(ProjectConfigurationPlatforms) = postSolution
		{EC2990C9-4905-4409-B4B7-293E1889E0DC}.Debug|x64.ActiveCfg = Debug|x64
		{EC2990C9-4905-4409-B4B7-293E1889E0DC}.Debug|x64.Build.0 = Debug|x64
		{EC2990C9-4905-4409-B4B7-293E1889E0DC}.Debug|x86.ActiveCfg = Debug|Win32
		{EC2990C9-4905-4409-B4B7-293E1889E0DC}.Debug|x86.Build.0 = Debug|Win32
		{EC2990C9-4905-4409-B4B7-293E1889E0DC}.Release|x64.ActiveCfg = Release|x64
		{EC2990C9-4905-4409-B4B7-293E1889E0DC}.Release|x64.Build.0 = Release|x64
		{EC2990C9-4905-4409-B4B7-293E1889E0DC}.Release|x86.ActiveCfg = Release|Win32
		{EC2990C9-4905-4409-B4B7-293E1889E0DC}.Release|x86.Build.0 = Release|Win32
	EndGlobalSection
	GlobalSection(SolutionProperties) = preSolution
		HideSolutionNode = FALSE
	EndGlobalSection
	GlobalSection(ExtensibilityGlobals) = postSolution
		SolutionGuid = {D2B943F9-DB6D-4562-8C50-9B2D978A8628}
	EndGlobalSection
EndGlobal
